
Microsoft Visual Studio Solution File, Format Version 12.00
# Visual Studio Version 17
VisualStudioVersion = 17.8.34309.116
MinimumVisualStudioVersion = 10.0.40219.1
Project("{FAE04EC0-301F-11D3-BF4B-00C04F79EFBC}") = "Cumulative_HTTP5112", "Cumulative_HTTP5112\Cumulative_HTTP5112.csproj", "{8531F812-8C8E-441B-84FD-DCC6B020F180}"
EndProject
Global
	GlobalSection(SolutionConfigurationPlatforms) = preSolution
		Debug|Any CPU = Debug|Any CPU
		Release|Any CPU = Release|Any CPU
	EndGlobalSection
	GlobalSection(ProjectConfigurationPlatforms) = postSolution
		{8531F812-8C8E-441B-84FD-DCC6B020F180}.Debug|Any CPU.ActiveCfg = Debug|Any CPU
		{8531F812-8C8E-441B-84FD-DCC6B020F180}.Debug|Any CPU.Build.0 = Debug|Any CPU
		{8531F812-8C8E-441B-84FD-DCC6B020F180}.Release|Any CPU.ActiveCfg = Release|Any CPU
		{8531F812-8C8E-441B-84FD-DCC6B020F180}.Release|Any CPU.Build.0 = Release|Any CPU
	EndGlobalSection
	GlobalSection(SolutionProperties) = preSolution
		HideSolutionNode = FALSE
	EndGlobalSection
	GlobalSection(ExtensibilityGlobals) = postSolution
		SolutionGuid = {FFB09BDC-57DF-421A-A376-145004F6B1F0}
	EndGlobalSection
EndGlobal
